
Microsoft Visual Studio Solution File, Format Version 12.00
# Visual Studio Version 17
VisualStudioVersion = 17.1.32210.238
MinimumVisualStudioVersion = 10.0.40219.1
Project("{FAE04EC0-301F-11D3-BF4B-00C04F79EFBC}") = "Uppgift 1", "Uppgift 1\Uppgift 1.csproj", "{1A441DB4-E75F-4FE4-AC13-01A45BB5995E}"
EndProject
Global
	GlobalSection(SolutionConfigurationPlatforms) = preSolution
		Debug|Any CPU = Debug|Any CPU
		Release|Any CPU = Release|Any CPU
	EndGlobalSection
	GlobalSection(ProjectConfigurationPlatforms) = postSolution
		{1A441DB4-E75F-4FE4-AC13-01A45BB5995E}.Debug|Any CPU.ActiveCfg = Debug|Any CPU
		{1A441DB4-E75F-4FE4-AC13-01A45BB5995E}.Debug|Any CPU.Build.0 = Debug|Any CPU
		{1A441DB4-E75F-4FE4-AC13-01A45BB5995E}.Release|Any CPU.ActiveCfg = Release|Any CPU
		{1A441DB4-E75F-4FE4-AC13-01A45BB5995E}.Release|Any CPU.Build.0 = Release|Any CPU
	EndGlobalSection
	GlobalSection(SolutionProperties) = preSolution
		HideSolutionNode = FALSE
	EndGlobalSection
	GlobalSection(ExtensibilityGlobals) = postSolution
		SolutionGuid = {3AF1FB11-EA09-4F9D-B458-D96C79DE770B}
	EndGlobalSection
EndGlobal
